<?xml version="1.0" encoding="utf-8"?>
<Project ToolsVersion="4.0" xmlns="http://schemas.microsoft.com/developer/msbuild/2003">
  <ItemGroup>
    <Filter Include="Source Files">
      <UniqueIdentifier>{4FC737F1-C7A5-4376-A066-2A32D752A2FF}</UniqueIdentifier>
      <Extensions>cpp;c;cc;cxx;def;odl;idl;hpj;bat;asm;asmx</Extensions>
    </Filter>
    <Filter Include="Header Files">
      <UniqueIdentifier>{93995380-89BD-4b04-88EB-625FBE52EBFB}</UniqueIdentifier>
      <Extensions>h;hpp;hxx;hm;inl;inc;xsd</Extensions>
    </Filter>
    <Filter Include="Resource Files">
      <UniqueIdentifier>{67DA6AB6-F800-4c08-8B7A-83BB121AAD01}</UniqueIdentifier>
      <Extensions>rc;ico;cur;bmp;dlg;rc2;rct;bin;rgs;gif;jpg;jpeg;jpe;resx;tiff;tif;png;wav;mfcribbon-ms</Extensions>
    </Filter>
  </ItemGroup>
  <ItemGroup>
    <ClCompile Include="run.cpp">
      <Filter>Source Files</Filter>
    </ClCompile>
    <ClCompile Include="functions.cpp">
      <Filter>Source Files</Filter>
    </ClCompile>
    <ClCompile Include="Problem 1\p1.cpp">
      <Filter>Source Files</Filter>
    </ClCompile>
    <ClCompile Include="Problem 2\p2.cpp">
      <Filter>Source Files</Filter>
    </ClCompile>
    <ClCompile Include="Problem 3\p3.cpp">
      <Filter>Source Files</Filter>
    </ClCompile>
    <ClCompile Include="Problem 4\p4.cpp">
      <Filter>Source Files</Filter>
    </ClCompile>
    <ClCompile Include="Problem 5\p5.cpp">
      <Filter>Source Files</Filter>
    </ClCompile>
    <ClCompile Include="Problem 6\p6.cpp">
      <Filter>Source Files</Filter>
    </ClCompile>
    <ClCompile Include="Problem 7\p7.cpp">
      <Filter>Source Files</Filter>
    </ClCompile>
    <ClCompile Include="Problem 8\p8.cpp">
      <Filter>Source Files</Filter>
    </ClCompile>
    <ClCompile Include="p9.cpp">
      <Filter>Source Files</Filter>
    </ClCompile>
    <ClCompile Include="Problem 10\p10.cpp">
      <Filter>Source Files</Filter>
    </ClCompile>
    <ClCompile Include="Problem 11\p11.cpp">
      <Filter>Source Files</Filter>
    </ClCompile>
    <ClCompile Include="Problem 12\p12.cpp">
      <Filter>Source Files</Filter>
    </ClCompile>
    <ClCompile Include="Problem 13\p13.cpp">
      <Filter>Source Files</Filter>
    </ClCompile>
    <ClCompile Include="BigInt.cpp">
      <Filter>Source Files</Filter>
    </ClCompile>
    <ClCompile Include="Problem 14\p14.cpp">
      <Filter>Source Files</Filter>
    </ClCompile>
    <ClCompile Include="Problem 15\p15.cpp">
      <Filter>Source Files</Filter>
    </ClCompile>
  </ItemGroup>
  <ItemGroup>
    <ClInclude Include="Problem 1\p1.h">
      <Filter>Source Files</Filter>
    </ClInclude>
    <ClInclude Include="Problem 2\p2.h">
      <Filter>Source Files</Filter>
    </ClInclude>
    <ClInclude Include="Problem 3\p3.h">
      <Filter>Source Files</Filter>
    </ClInclude>
    <ClInclude Include="Problem 4\p4.h">
      <Filter>Source Files</Filter>
    </ClInclude>
    <ClInclude Include="Problem 5\p5.h">
      <Filter>Source Files</Filter>
    </ClInclude>
    <ClInclude Include="Problem 6\p6.h">
      <Filter>Source Files</Filter>
    </ClInclude>
    <ClInclude Include="Problem 7\p7.h">
      <Filter>Source Files</Filter>
    </ClInclude>
    <ClInclude Include="Problem 8\p8.h">
      <Filter>Source Files</Filter>
    </ClInclude>
    <ClInclude Include="Problem 12\p12.h">
      <Filter>Source Files</Filter>
    </ClInclude>
    <ClInclude Include="Problem 13\p13.h">
      <Filter>Source Files</Filter>
    </ClInclude>
    <ClInclude Include="BigInt.h">
      <Filter>Source Files</Filter>
    </ClInclude>
    <ClInclude Include="Problem 14\p14.h">
      <Filter>Source Files</Filter>
    </ClInclude>
    <ClInclude Include="Problem 15\p15.h">
      <Filter>Source Files</Filter>
    </ClInclude>
  </ItemGroup>
</Project>